
Microsoft Visual Studio Solution File, Format Version 12.00
# Visual Studio 15
VisualStudioVersion = 15.0.27130.2027
MinimumVisualStudioVersion = 10.0.40219.1
Project("{FAE04EC0-301F-11D3-BF4B-00C04F79EFBC}") = "Day1DataTypes", "Day1DataTypes\Day1DataTypes.csproj", "{19A3010A-6740-457E-B6C5-E872DA9451B8}"
EndProject
Global
	GlobalSection(SolutionConfigurationPlatforms) = preSolution
		Debug|Any CPU = Debug|Any CPU
		Release|Any CPU = Release|Any CPU
	EndGlobalSection
	GlobalSection(ProjectConfigurationPlatforms) = postSolution
		{19A3010A-6740-457E-B6C5-E872DA9451B8}.Debug|Any CPU.ActiveCfg = Debug|Any CPU
		{19A3010A-6740-457E-B6C5-E872DA9451B8}.Debug|Any CPU.Build.0 = Debug|Any CPU
		{19A3010A-6740-457E-B6C5-E872DA9451B8}.Release|Any CPU.ActiveCfg = Release|Any CPU
		{19A3010A-6740-457E-B6C5-E872DA9451B8}.Release|Any CPU.Build.0 = Release|Any CPU
	EndGlobalSection
	GlobalSection(SolutionProperties) = preSolution
		HideSolutionNode = FALSE
	EndGlobalSection
	GlobalSection(ExtensibilityGlobals) = postSolution
		SolutionGuid = {5016E037-626D-47C7-916F-62E8BA6FA0B5}
	EndGlobalSection
EndGlobal
